
Microsoft Visual Studio Solution File, Format Version 12.00
# Visual Studio 15
Project("{FAE04EC0-301F-11D3-BF4B-00C04F79EFBC}") = "Assembly-CSharp", "Assembly-CSharp.csproj", "{73E538E0-7869-3587-4F76-9F420634E53E}"
EndProject
Project("{FAE04EC0-301F-11D3-BF4B-00C04F79EFBC}") = "Assembly-CSharp-Editor", "Assembly-CSharp-Editor.csproj", "{1A24E757-09D0-C96D-313B-B2CAEF8EC493}"
EndProject
Project("{FAE04EC0-301F-11D3-BF4B-00C04F79EFBC}") = "Unity.AssetBundleBrowser.Editor", "Unity.AssetBundleBrowser.Editor.csproj", "{9F54B115-4E72-A871-700E-401809083259}"
EndProject
Global
	GlobalSection(SolutionConfigurationPlatforms) = preSolution
		Debug|Any CPU = Debug|Any CPU
		Release|Any CPU = Release|Any CPU
	EndGlobalSection
	GlobalSection(ProjectConfigurationPlatforms) = postSolution
		{73E538E0-7869-3587-4F76-9F420634E53E}.Debug|Any CPU.ActiveCfg = Debug|Any CPU
		{73E538E0-7869-3587-4F76-9F420634E53E}.Debug|Any CPU.Build.0 = Debug|Any CPU
		{73E538E0-7869-3587-4F76-9F420634E53E}.Release|Any CPU.ActiveCfg = Release|Any CPU
		{73E538E0-7869-3587-4F76-9F420634E53E}.Release|Any CPU.Build.0 = Release|Any CPU
		{1A24E757-09D0-C96D-313B-B2CAEF8EC493}.Debug|Any CPU.ActiveCfg = Debug|Any CPU
		{1A24E757-09D0-C96D-313B-B2CAEF8EC493}.Debug|Any CPU.Build.0 = Debug|Any CPU
		{1A24E757-09D0-C96D-313B-B2CAEF8EC493}.Release|Any CPU.ActiveCfg = Release|Any CPU
		{1A24E757-09D0-C96D-313B-B2CAEF8EC493}.Release|Any CPU.Build.0 = Release|Any CPU
		{9F54B115-4E72-A871-700E-401809083259}.Debug|Any CPU.ActiveCfg = Debug|Any CPU
		{9F54B115-4E72-A871-700E-401809083259}.Debug|Any CPU.Build.0 = Debug|Any CPU
		{9F54B115-4E72-A871-700E-401809083259}.Release|Any CPU.ActiveCfg = Release|Any CPU
		{9F54B115-4E72-A871-700E-401809083259}.Release|Any CPU.Build.0 = Release|Any CPU
	EndGlobalSection
	GlobalSection(SolutionProperties) = preSolution
		HideSolutionNode = FALSE
	EndGlobalSection
EndGlobal
